
Microsoft Visual Studio Solution File, Format Version 12.00
# Visual Studio 14
VisualStudioVersion = 14.0.25420.1
MinimumVisualStudioVersion = 10.0.40219.1
Project("{8BB2217D-0F2D-49D1-97BC-3654ED321F3B}") = "DayPrinter", "DayPrinter\DayPrinter.xproj", "{B3E76AAA-3BE8-49C7-A831-64EF68C6F28D}"
EndProject
Project("{8BB2217D-0F2D-49D1-97BC-3654ED321F3B}") = "ElseIf", "ElseIf\ElseIf.xproj", "{C7008ACC-EE4B-49CC-B7FB-5F9F95E257A9}"
EndProject
Project("{8BB2217D-0F2D-49D1-97BC-3654ED321F3B}") = "TempConv", "TempConv\TempConv.xproj", "{6D18F93D-E26F-4FF4-ABF2-1450FD9FB19D}"
EndProject
Project("{8BB2217D-0F2D-49D1-97BC-3654ED321F3B}") = "HelloMethods", "HelloMethods\HelloMethods.xproj", "{9B69E0D2-FBD5-4FB4-9D40-768AE4F57300}"
EndProject
Project("{8BB2217D-0F2D-49D1-97BC-3654ED321F3B}") = "Gradebook", "Gradebook\Gradebook.xproj", "{9E08496B-2501-4CBF-844F-8FD7BA97F4E6}"
EndProject
Project("{8BB2217D-0F2D-49D1-97BC-3654ED321F3B}") = "GradebookDict", "GradebookDict\GradebookDict.xproj", "{EFCB1B91-2E92-478F-BFF7-013FF6911DCC}"
EndProject
Project("{8BB2217D-0F2D-49D1-97BC-3654ED321F3B}") = "GradebookArray", "GradebookArray\GradebookArray.xproj", "{89051A0E-8D18-48C3-B4E6-D05F62D252CE}"
EndProject
Project("{FAE04EC0-301F-11D3-BF4B-00C04F79EFBC}") = "HelloWorld", "HelloWorld\HelloWorld.csproj", "{B2AB6197-8854-4052-859D-29656E530185}"
EndProject
Project("{FAE04EC0-301F-11D3-BF4B-00C04F79EFBC}") = "C1InputOutput", "C1InputOutput\C1InputOutput.csproj", "{D27FB7A5-F817-4C43-87EB-D806759AAF4D}"
EndProject
Project("{FAE04EC0-301F-11D3-BF4B-00C04F79EFBC}") = "C1NumericTypes", "C1NumericTypes\C1NumericTypes.csproj", "{6E575AF2-0A98-41CC-BA5C-28173340185C}"
EndProject
Project("{FAE04EC0-301F-11D3-BF4B-00C04F79EFBC}") = "C1MilesPerGallon", "C1MilesPerGallon\C1MilesPerGallon.csproj", "{FB90BCA6-0FEC-4D14-B3C8-4ACED72BA522}"
EndProject
Project("{FAE04EC0-301F-11D3-BF4B-00C04F79EFBC}") = "C1SearchAlice", "C1SearchAlice\C1SearchAlice.csproj", "{C790F38F-0CD6-44C2-8D4C-50028306C073}"
EndProject
Project("{FAE04EC0-301F-11D3-BF4B-00C04F79EFBC}") = "C1StudioArea", "C1StudioArea\C1StudioArea.csproj", "{8EF5AF22-8EF9-4D66-A084-02B80876752C}"
EndProject
Project("{FAE04EC0-301F-11D3-BF4B-00C04F79EFBC}") = "C2WorkingWithStrings", "C2WorkingWithStrings\C2WorkingWithStrings.csproj", "{FFADBDFC-7A43-4A0B-9AE0-23BD97CB143D}"
EndProject
Project("{FAE04EC0-301F-11D3-BF4B-00C04F79EFBC}") = "C2Lists", "C2Lists\C2Lists.csproj", "{286105DA-C1C2-4177-B6C3-66A1AB0ADDC3}"
EndProject
Project("{FAE04EC0-301F-11D3-BF4B-00C04F79EFBC}") = "C2ListsAndStrings", "C2ListsAndStrings\C2ListsAndStrings.csproj", "{0422120C-2F0B-4BBB-AE40-5CBB614E74A4}"
EndProject
Project("{FAE04EC0-301F-11D3-BF4B-00C04F79EFBC}") = "C2Arrays", "C2Arrays\C2Arrays.csproj", "{7E124E2D-3C4C-4E9E-8BA9-8FE63BFEACCD}"
EndProject
Project("{FAE04EC0-301F-11D3-BF4B-00C04F79EFBC}") = "C2Dictionaries", "C2Dictionaries\C2Dictionaries.csproj", "{B1E515FD-476D-4C65-8555-B72671F8C3BC}"
EndProject
Project("{FAE04EC0-301F-11D3-BF4B-00C04F79EFBC}") = "C2Strings", "C2Strings\C2Strings.csproj", "{6EF2A9C9-8A6E-4DA5-93A3-0E1540836B17}"
EndProject
Project("{FAE04EC0-301F-11D3-BF4B-00C04F79EFBC}") = "C2StudioCountingCharacters", "C2StudioCountingCharacters\C2StudioCountingCharacters.csproj", "{2EF7B954-BED9-4489-BB57-4692D6E390A1}"
EndProject
Project("{FAE04EC0-301F-11D3-BF4B-00C04F79EFBC}") = "C1StudioAreaPlusNullCheck", "C1StudioAreaPlusNullCheck\C1StudioAreaPlusNullCheck.csproj", "{64ADC146-A818-4B7F-84C2-414D3D389F99}"
EndProject
Project("{8BB2217D-0F2D-49D1-97BC-3654ED321F3B}") = "C3HelloMVC", "C3HelloMVC\C3HelloMVC.xproj", "{A60CB9E0-EBEB-4C22-AE56-A3F359EF2CA7}"
EndProject
Project("{8BB2217D-0F2D-49D1-97BC-3654ED321F3B}") = "C3HelloMVCStudio", "C3HelloMVCStudio\C3HelloMVCStudio.xproj", "{DC809267-641A-4605-AC12-CD19758F8DC5}"
EndProject
Project("{FAE04EC0-301F-11D3-BF4B-00C04F79EFBC}") = "C5SimpleClasses", "SimpleClasses\C5SimpleClasses.csproj", "{905C233A-AAA4-4C7F-AF05-7EDDE2D98E54}"
EndProject
Project("{FAE04EC0-301F-11D3-BF4B-00C04F79EFBC}") = "C5School", "School\C5School.csproj", "{64A95DBE-A112-4943-AB31-E3324A5935C8}"
EndProject
Project("{FAE04EC0-301F-11D3-BF4B-00C04F79EFBC}") = "C5StudioRestaurantMenu", "C5StudioRestaurantMenu\C5StudioRestaurantMenu.csproj", "{88362302-D09D-4DD1-B388-853A90F44E42}"
EndProject
Project("{FAE04EC0-301F-11D3-BF4B-00C04F79EFBC}") = "C7Exercises", "C7Exercises\C7Exercises.csproj", "{BF08D72F-B1D3-47DA-A118-F50C7B5E966C}"
EndProject
Project("{FAE04EC0-301F-11D3-BF4B-00C04F79EFBC}") = "C5StudioRestaurantMenu2", "C5StudioRestaurantMenu2\C5StudioRestaurantMenu2.csproj", "{CF5F3DD3-A17E-4F89-8BA4-4496C2F288A3}"
EndProject
Global
	GlobalSection(SolutionConfigurationPlatforms) = preSolution
		Debug|Any CPU = Debug|Any CPU
		Release|Any CPU = Release|Any CPU
	EndGlobalSection
	GlobalSection(ProjectConfigurationPlatforms) = postSolution
		{B3E76AAA-3BE8-49C7-A831-64EF68C6F28D}.Debug|Any CPU.ActiveCfg = Debug|Any CPU
		{B3E76AAA-3BE8-49C7-A831-64EF68C6F28D}.Debug|Any CPU.Build.0 = Debug|Any CPU
		{B3E76AAA-3BE8-49C7-A831-64EF68C6F28D}.Release|Any CPU.ActiveCfg = Release|Any CPU
		{B3E76AAA-3BE8-49C7-A831-64EF68C6F28D}.Release|Any CPU.Build.0 = Release|Any CPU
		{C7008ACC-EE4B-49CC-B7FB-5F9F95E257A9}.Debug|Any CPU.ActiveCfg = Debug|Any CPU
		{C7008ACC-EE4B-49CC-B7FB-5F9F95E257A9}.Debug|Any CPU.Build.0 = Debug|Any CPU
		{C7008ACC-EE4B-49CC-B7FB-5F9F95E257A9}.Release|Any CPU.ActiveCfg = Release|Any CPU
		{C7008ACC-EE4B-49CC-B7FB-5F9F95E257A9}.Release|Any CPU.Build.0 = Release|Any CPU
		{6D18F93D-E26F-4FF4-ABF2-1450FD9FB19D}.Debug|Any CPU.ActiveCfg = Debug|Any CPU
		{6D18F93D-E26F-4FF4-ABF2-1450FD9FB19D}.Debug|Any CPU.Build.0 = Debug|Any CPU
		{6D18F93D-E26F-4FF4-ABF2-1450FD9FB19D}.Release|Any CPU.ActiveCfg = Release|Any CPU
		{6D18F93D-E26F-4FF4-ABF2-1450FD9FB19D}.Release|Any CPU.Build.0 = Release|Any CPU
		{9B69E0D2-FBD5-4FB4-9D40-768AE4F57300}.Debug|Any CPU.ActiveCfg = Debug|Any CPU
		{9B69E0D2-FBD5-4FB4-9D40-768AE4F57300}.Debug|Any CPU.Build.0 = Debug|Any CPU
		{9B69E0D2-FBD5-4FB4-9D40-768AE4F57300}.Release|Any CPU.ActiveCfg = Release|Any CPU
		{9B69E0D2-FBD5-4FB4-9D40-768AE4F57300}.Release|Any CPU.Build.0 = Release|Any CPU
		{9E08496B-2501-4CBF-844F-8FD7BA97F4E6}.Debug|Any CPU.ActiveCfg = Debug|Any CPU
		{9E08496B-2501-4CBF-844F-8FD7BA97F4E6}.Debug|Any CPU.Build.0 = Debug|Any CPU
		{9E08496B-2501-4CBF-844F-8FD7BA97F4E6}.Release|Any CPU.ActiveCfg = Release|Any CPU
		{9E08496B-2501-4CBF-844F-8FD7BA97F4E6}.Release|Any CPU.Build.0 = Release|Any CPU
		{EFCB1B91-2E92-478F-BFF7-013FF6911DCC}.Debug|Any CPU.ActiveCfg = Debug|Any CPU
		{EFCB1B91-2E92-478F-BFF7-013FF6911DCC}.Debug|Any CPU.Build.0 = Debug|Any CPU
		{EFCB1B91-2E92-478F-BFF7-013FF6911DCC}.Release|Any CPU.ActiveCfg = Release|Any CPU
		{EFCB1B91-2E92-478F-BFF7-013FF6911DCC}.Release|Any CPU.Build.0 = Release|Any CPU
		{89051A0E-8D18-48C3-B4E6-D05F62D252CE}.Debug|Any CPU.ActiveCfg = Debug|Any CPU
		{89051A0E-8D18-48C3-B4E6-D05F62D252CE}.Debug|Any CPU.Build.0 = Debug|Any CPU
		{89051A0E-8D18-48C3-B4E6-D05F62D252CE}.Release|Any CPU.ActiveCfg = Release|Any CPU
		{89051A0E-8D18-48C3-B4E6-D05F62D252CE}.Release|Any CPU.Build.0 = Release|Any CPU
		{B2AB6197-8854-4052-859D-29656E530185}.Debug|Any CPU.ActiveCfg = Debug|Any CPU
		{B2AB6197-8854-4052-859D-29656E530185}.Debug|Any CPU.Build.0 = Debug|Any CPU
		{B2AB6197-8854-4052-859D-29656E530185}.Release|Any CPU.ActiveCfg = Release|Any CPU
		{B2AB6197-8854-4052-859D-29656E530185}.Release|Any CPU.Build.0 = Release|Any CPU
		{D27FB7A5-F817-4C43-87EB-D806759AAF4D}.Debug|Any CPU.ActiveCfg = Debug|Any CPU
		{D27FB7A5-F817-4C43-87EB-D806759AAF4D}.Debug|Any CPU.Build.0 = Debug|Any CPU
		{D27FB7A5-F817-4C43-87EB-D806759AAF4D}.Release|Any CPU.ActiveCfg = Release|Any CPU
		{D27FB7A5-F817-4C43-87EB-D806759AAF4D}.Release|Any CPU.Build.0 = Release|Any CPU
		{6E575AF2-0A98-41CC-BA5C-28173340185C}.Debug|Any CPU.ActiveCfg = Debug|Any CPU
		{6E575AF2-0A98-41CC-BA5C-28173340185C}.Debug|Any CPU.Build.0 = Debug|Any CPU
		{6E575AF2-0A98-41CC-BA5C-28173340185C}.Release|Any CPU.ActiveCfg = Release|Any CPU
		{6E575AF2-0A98-41CC-BA5C-28173340185C}.Release|Any CPU.Build.0 = Release|Any CPU
		{FB90BCA6-0FEC-4D14-B3C8-4ACED72BA522}.Debug|Any CPU.ActiveCfg = Debug|Any CPU
		{FB90BCA6-0FEC-4D14-B3C8-4ACED72BA522}.Debug|Any CPU.Build.0 = Debug|Any CPU
		{FB90BCA6-0FEC-4D14-B3C8-4ACED72BA522}.Release|Any CPU.ActiveCfg = Release|Any CPU
		{FB90BCA6-0FEC-4D14-B3C8-4ACED72BA522}.Release|Any CPU.Build.0 = Release|Any CPU
		{C790F38F-0CD6-44C2-8D4C-50028306C073}.Debug|Any CPU.ActiveCfg = Debug|Any CPU
		{C790F38F-0CD6-44C2-8D4C-50028306C073}.Debug|Any CPU.Build.0 = Debug|Any CPU
		{C790F38F-0CD6-44C2-8D4C-50028306C073}.Release|Any CPU.ActiveCfg = Release|Any CPU
		{C790F38F-0CD6-44C2-8D4C-50028306C073}.Release|Any CPU.Build.0 = Release|Any CPU
		{8EF5AF22-8EF9-4D66-A084-02B80876752C}.Debug|Any CPU.ActiveCfg = Debug|Any CPU
		{8EF5AF22-8EF9-4D66-A084-02B80876752C}.Debug|Any CPU.Build.0 = Debug|Any CPU
		{8EF5AF22-8EF9-4D66-A084-02B80876752C}.Release|Any CPU.ActiveCfg = Release|Any CPU
		{8EF5AF22-8EF9-4D66-A084-02B80876752C}.Release|Any CPU.Build.0 = Release|Any CPU
		{FFADBDFC-7A43-4A0B-9AE0-23BD97CB143D}.Debug|Any CPU.ActiveCfg = Debug|Any CPU
		{FFADBDFC-7A43-4A0B-9AE0-23BD97CB143D}.Debug|Any CPU.Build.0 = Debug|Any CPU
		{FFADBDFC-7A43-4A0B-9AE0-23BD97CB143D}.Release|Any CPU.ActiveCfg = Release|Any CPU
		{FFADBDFC-7A43-4A0B-9AE0-23BD97CB143D}.Release|Any CPU.Build.0 = Release|Any CPU
		{286105DA-C1C2-4177-B6C3-66A1AB0ADDC3}.Debug|Any CPU.ActiveCfg = Debug|Any CPU
		{286105DA-C1C2-4177-B6C3-66A1AB0ADDC3}.Debug|Any CPU.Build.0 = Debug|Any CPU
		{286105DA-C1C2-4177-B6C3-66A1AB0ADDC3}.Release|Any CPU.ActiveCfg = Release|Any CPU
		{286105DA-C1C2-4177-B6C3-66A1AB0ADDC3}.Release|Any CPU.Build.0 = Release|Any CPU
		{0422120C-2F0B-4BBB-AE40-5CBB614E74A4}.Debug|Any CPU.ActiveCfg = Debug|Any CPU
		{0422120C-2F0B-4BBB-AE40-5CBB614E74A4}.Debug|Any CPU.Build.0 = Debug|Any CPU
		{0422120C-2F0B-4BBB-AE40-5CBB614E74A4}.Release|Any CPU.ActiveCfg = Release|Any CPU
		{0422120C-2F0B-4BBB-AE40-5CBB614E74A4}.Release|Any CPU.Build.0 = Release|Any CPU
		{7E124E2D-3C4C-4E9E-8BA9-8FE63BFEACCD}.Debug|Any CPU.ActiveCfg = Debug|Any CPU
		{7E124E2D-3C4C-4E9E-8BA9-8FE63BFEACCD}.Debug|Any CPU.Build.0 = Debug|Any CPU
		{7E124E2D-3C4C-4E9E-8BA9-8FE63BFEACCD}.Release|Any CPU.ActiveCfg = Release|Any CPU
		{7E124E2D-3C4C-4E9E-8BA9-8FE63BFEACCD}.Release|Any CPU.Build.0 = Release|Any CPU
		{B1E515FD-476D-4C65-8555-B72671F8C3BC}.Debug|Any CPU.ActiveCfg = Debug|Any CPU
		{B1E515FD-476D-4C65-8555-B72671F8C3BC}.Debug|Any CPU.Build.0 = Debug|Any CPU
		{B1E515FD-476D-4C65-8555-B72671F8C3BC}.Release|Any CPU.ActiveCfg = Release|Any CPU
		{B1E515FD-476D-4C65-8555-B72671F8C3BC}.Release|Any CPU.Build.0 = Release|Any CPU
		{6EF2A9C9-8A6E-4DA5-93A3-0E1540836B17}.Debug|Any CPU.ActiveCfg = Debug|Any CPU
		{6EF2A9C9-8A6E-4DA5-93A3-0E1540836B17}.Debug|Any CPU.Build.0 = Debug|Any CPU
		{6EF2A9C9-8A6E-4DA5-93A3-0E1540836B17}.Release|Any CPU.ActiveCfg = Release|Any CPU
		{6EF2A9C9-8A6E-4DA5-93A3-0E1540836B17}.Release|Any CPU.Build.0 = Release|Any CPU
		{2EF7B954-BED9-4489-BB57-4692D6E390A1}.Debug|Any CPU.ActiveCfg = Debug|Any CPU
		{2EF7B954-BED9-4489-BB57-4692D6E390A1}.Debug|Any CPU.Build.0 = Debug|Any CPU
		{2EF7B954-BED9-4489-BB57-4692D6E390A1}.Release|Any CPU.ActiveCfg = Release|Any CPU
		{2EF7B954-BED9-4489-BB57-4692D6E390A1}.Release|Any CPU.Build.0 = Release|Any CPU
		{64ADC146-A818-4B7F-84C2-414D3D389F99}.Debug|Any CPU.ActiveCfg = Debug|Any CPU
		{64ADC146-A818-4B7F-84C2-414D3D389F99}.Debug|Any CPU.Build.0 = Debug|Any CPU
		{64ADC146-A818-4B7F-84C2-414D3D389F99}.Release|Any CPU.ActiveCfg = Release|Any CPU
		{64ADC146-A818-4B7F-84C2-414D3D389F99}.Release|Any CPU.Build.0 = Release|Any CPU
		{A60CB9E0-EBEB-4C22-AE56-A3F359EF2CA7}.Debug|Any CPU.ActiveCfg = Debug|Any CPU
		{A60CB9E0-EBEB-4C22-AE56-A3F359EF2CA7}.Debug|Any CPU.Build.0 = Debug|Any CPU
		{A60CB9E0-EBEB-4C22-AE56-A3F359EF2CA7}.Release|Any CPU.ActiveCfg = Release|Any CPU
		{A60CB9E0-EBEB-4C22-AE56-A3F359EF2CA7}.Release|Any CPU.Build.0 = Release|Any CPU
		{DC809267-641A-4605-AC12-CD19758F8DC5}.Debug|Any CPU.ActiveCfg = Debug|Any CPU
		{DC809267-641A-4605-AC12-CD19758F8DC5}.Debug|Any CPU.Build.0 = Debug|Any CPU
		{DC809267-641A-4605-AC12-CD19758F8DC5}.Release|Any CPU.ActiveCfg = Release|Any CPU
		{DC809267-641A-4605-AC12-CD19758F8DC5}.Release|Any CPU.Build.0 = Release|Any CPU
		{905C233A-AAA4-4C7F-AF05-7EDDE2D98E54}.Debug|Any CPU.ActiveCfg = Debug|Any CPU
		{905C233A-AAA4-4C7F-AF05-7EDDE2D98E54}.Debug|Any CPU.Build.0 = Debug|Any CPU
		{905C233A-AAA4-4C7F-AF05-7EDDE2D98E54}.Release|Any CPU.ActiveCfg = Release|Any CPU
		{905C233A-AAA4-4C7F-AF05-7EDDE2D98E54}.Release|Any CPU.Build.0 = Release|Any CPU
		{64A95DBE-A112-4943-AB31-E3324A5935C8}.Debug|Any CPU.ActiveCfg = Debug|Any CPU
		{64A95DBE-A112-4943-AB31-E3324A5935C8}.Debug|Any CPU.Build.0 = Debug|Any CPU
		{64A95DBE-A112-4943-AB31-E3324A5935C8}.Release|Any CPU.ActiveCfg = Release|Any CPU
		{64A95DBE-A112-4943-AB31-E3324A5935C8}.Release|Any CPU.Build.0 = Release|Any CPU
		{88362302-D09D-4DD1-B388-853A90F44E42}.Debug|Any CPU.ActiveCfg = Debug|Any CPU
		{88362302-D09D-4DD1-B388-853A90F44E42}.Debug|Any CPU.Build.0 = Debug|Any CPU
		{88362302-D09D-4DD1-B388-853A90F44E42}.Release|Any CPU.ActiveCfg = Release|Any CPU
		{88362302-D09D-4DD1-B388-853A90F44E42}.Release|Any CPU.Build.0 = Release|Any CPU
		{BF08D72F-B1D3-47DA-A118-F50C7B5E966C}.Debug|Any CPU.ActiveCfg = Debug|Any CPU
		{BF08D72F-B1D3-47DA-A118-F50C7B5E966C}.Debug|Any CPU.Build.0 = Debug|Any CPU
		{BF08D72F-B1D3-47DA-A118-F50C7B5E966C}.Release|Any CPU.ActiveCfg = Release|Any CPU
		{BF08D72F-B1D3-47DA-A118-F50C7B5E966C}.Release|Any CPU.Build.0 = Release|Any CPU
		{CF5F3DD3-A17E-4F89-8BA4-4496C2F288A3}.Debug|Any CPU.ActiveCfg = Debug|Any CPU
		{CF5F3DD3-A17E-4F89-8BA4-4496C2F288A3}.Debug|Any CPU.Build.0 = Debug|Any CPU
		{CF5F3DD3-A17E-4F89-8BA4-4496C2F288A3}.Release|Any CPU.ActiveCfg = Release|Any CPU
		{CF5F3DD3-A17E-4F89-8BA4-4496C2F288A3}.Release|Any CPU.Build.0 = Release|Any CPU
	EndGlobalSection
	GlobalSection(SolutionProperties) = preSolution
		HideSolutionNode = FALSE
	EndGlobalSection
EndGlobal
